
Microsoft Visual Studio Solution File, Format Version 12.00
# Visual Studio Version 16
VisualStudioVersion = 16.0.30523.141
MinimumVisualStudioVersion = 10.0.40219.1
Project("{FAE04EC0-301F-11D3-BF4B-00C04F79EFBC}") = "Rames.TeamBuildChallenge.Web", "Rames.TeamBuildChallenge.Web\Rames.TeamBuildChallenge.Web.csproj", "{7AAE53E8-943F-4753-BEC8-E4CE5ACA3DCF}"
EndProject
Global
	GlobalSection(SolutionConfigurationPlatforms) = preSolution
		Debug|Any CPU = Debug|Any CPU
		Release|Any CPU = Release|Any CPU
	EndGlobalSection
	GlobalSection(ProjectConfigurationPlatforms) = postSolution
		{7AAE53E8-943F-4753-BEC8-E4CE5ACA3DCF}.Debug|Any CPU.ActiveCfg = Debug|Any CPU
		{7AAE53E8-943F-4753-BEC8-E4CE5ACA3DCF}.Debug|Any CPU.Build.0 = Debug|Any CPU
		{7AAE53E8-943F-4753-BEC8-E4CE5ACA3DCF}.Release|Any CPU.ActiveCfg = Release|Any CPU
		{7AAE53E8-943F-4753-BEC8-E4CE5ACA3DCF}.Release|Any CPU.Build.0 = Release|Any CPU
	EndGlobalSection
	GlobalSection(SolutionProperties) = preSolution
		HideSolutionNode = FALSE
	EndGlobalSection
	GlobalSection(ExtensibilityGlobals) = postSolution
		SolutionGuid = {7E2B98B4-8914-493A-B7DC-660ADB76728A}
	EndGlobalSection
EndGlobal
